github.com/binderclip/go-bar v0.4.0 h1:7FX9Ni5y2vPSubJokP/V5lQEO4N/frVmGWVbGjKNWjk=
github.com/binderclip/go-bar v0.4.0/go.mod h1:rCd00GVRhy52x2MBnGzMg0AkYW5PXq1Hr/RMPJnqPTI=
github.com/binderclip/go-baz v0.4.0 h1:AjV2r06VyO/UODAePKsBeWABe2tjcbRyWdd+kPAfW5A=
github.com/binderclip/go-baz v0.4.0/go.mod h1:BCMnzPx5cFVXkq81W2N9xONqarVq2FGWTwcK8HqN3OM=
github.com/binderclip/go-qux/v2 v2.1.5 h1:AbOw7wSei81z/lB859gkw+ZbwvDzFe8QOPrb7Oph4x0=
github.com/binderclip/go-qux/v2 v2.1.5/go.mod h1:K/ruPZVlT7VWoIj2CJL1EM0FoqLXkHvg8PR9ocua+Yc=
github.com/binderclip/go-qux/v2 v2.2.0 h1:S3r0Uh3klPiMTW6Y1kLs5q/fVCuYVpUCNUvJ5Oi7lno=
github.com/binderclip/go-qux/v2 v2.2.0/go.mod h1:K/ruPZVlT7VWoIj2CJL1EM0FoqLXkHvg8PR9ocua+Yc=
