github.com/binderclip/go-bar v0.2.0 h1:ZAGDrbqv7gtKNm2t4VlDlnQffdLxAF5Nh5IBu5lzPw0=
github.com/binderclip/go-bar v0.2.0/go.mod h1:8JlvPWV7uzkHO0VpMprtGhA8mSMA0obfz7yKG3g5Sbk=
github.com/binderclip/go-baz v0.3.0 h1:1Pb7hDDS44uAGQWIAvkngRYvelTskK/vSrOhgvZeZ9o=
github.com/binderclip/go-baz v0.3.0/go.mod h1:0CwTlwIWXAjePx+ezo0H8GzxfoGGETfS9D8fqmMU7r4=
github.com/binderclip/go-qux v0.1.0 h1:hJyi3oWUQQ9shWUFiHYW6bnZFGM/Lruf5gMUk4KiYKo=
github.com/binderclip/go-qux v0.1.0/go.mod h1:cwo7RbDu8IS9N/p1XVm+QgEZktiBa6cmap4QyN7kpqo=
